# This file is autogenerated, do not edit; changes may be undone by the next 'dep ensure'.


[[projects]]
  digest = "1:9f3b30d9f8e0d7040f729b82dcbc8f0dead820a133b3147ce355fc451f32d761"
  name = "github.com/BurntSushi/toml"
  packages = ["."]
  pruneopts = "UT"
  revision = "3012a1dbe2e4bd1391d42b32f0577cb7bbc7f005"
  version = "v0.3.1"

[[projects]]
  digest = "1:3b10c6fd33854dc41de2cf78b7bae105da94c2789b6fa5b9ac9e593ea43484ac"
  name = "github.com/Masterminds/goutils"
  packages = ["."]
  pruneopts = "UT"
  revision = "41ac8693c5c10a92ea1ff5ac3a7f95646f6123b0"
  version = "v1.1.0"

[[projects]]
  digest = "1:55388fd080150b9a072912f97b1f5891eb0b50df43401f8b75fb4273d3fec9fc"
  name = "github.com/Masterminds/semver"
  packages = ["."]
  pruneopts = "UT"
  revision = "c7af12943936e8c39859482e61f0574c2fd7fc75"
  version = "v1.4.2"

[[projects]]
  digest = "1:693e7ef1b6178cd312132c156fc6d6065c77a0d1f02cc73beecae8b080ec13d7"
  name = "github.com/Masterminds/sprig"
  packages = ["."]
  pruneopts = "UT"
  revision = "9f8fceff796fb9f4e992cd2bece016be0121ab74"
  version = "2.19.0"

[[projects]]
  digest = "1:b6d886569181ec96ca83d529f4d6ba0cbf92ace7bb6f633f90c5f34d9bba7aab"
  name = "github.com/blang/semver"
  packages = ["."]
  pruneopts = "UT"
  revision = "ba2c2ddd89069b46a7011d4106f6868f17ee1705"
  version = "v3.6.1"

[[projects]]
  digest = "1:ec66ad050342a3573ed2f5a4337d51b4c6d5d2a717cc6c9ecf86b081235a5759"
  name = "github.com/cyphar/filepath-securejoin"
  packages = ["."]
  pruneopts = "UT"
  revision = "a261ee33d7a517f054effbf451841abaafe3e0fd"
  version = "v0.2.2"

[[projects]]
  digest = "1:6b21090f60571b20b3ddc2c8e48547dffcf409498ed6002c2cada023725ed377"
  name = "github.com/davecgh/go-spew"
  packages = ["spew"]
  pruneopts = "UT"
  revision = "782f4967f2dc4564575ca782fe2d04090b5faca8"

[[projects]]
  digest = "1:c45cef8e0074ea2f8176a051df38553ba997a3616f1ec2d35222b1cf9864881e"
  name = "github.com/ghodss/yaml"
  packages = ["."]
  pruneopts = "UT"
  revision = "73d445a93680fa1a78ae23a5839bad48f32ba1ee"

[[projects]]
  digest = "1:9ae31ce33b4bab257668963e844d98765b44160be4ee98cafc44637a213e530d"
  name = "github.com/gobwas/glob"
  packages = [
    ".",
    "compiler",
    "match",
    "syntax",
    "syntax/ast",
    "syntax/lexer",
    "util/runes",
    "util/strings",
  ]
  pruneopts = "UT"
  revision = "5ccd90ef52e1e632236f7326478d4faa74f99438"
  version = "v0.2.3"

[[projects]]
  digest = "1:f83d740263b44fdeef3e1bce6147b5d7283fcad1a693d39639be33993ecf3db1"
  name = "github.com/gogo/protobuf"
  packages = [
    "proto",
    "sortkeys",
  ]
  pruneopts = "UT"
  revision = "c0656edd0d9eab7c66d1eb0c568f9039345796f7"

[[projects]]
  branch = "master"
  digest = "1:1ba1d79f2810270045c328ae5d674321db34e3aae468eb4233883b473c5c0467"
  name = "github.com/golang/glog"
  packages = ["."]
  pruneopts = "UT"
  revision = "23def4e6c14b4da8ac2ed8007337bc5eb5007998"

[[projects]]
  branch = "master"
  digest = "1:b7cb6054d3dff43b38ad2e92492f220f57ae6087ee797dca298139776749ace8"
  name = "github.com/golang/groupcache"
  packages = ["lru"]
  pruneopts = "UT"
  revision = "5b532d6fd5efaf7fa130d4e859a2fde0fc3a9e1b"

[[projects]]
  digest = "1:17fe264ee908afc795734e8c4e63db2accabaf57326dbf21763a7d6b86096260"
  name = "github.com/golang/protobuf"
  packages = [
    "proto",
    "ptypes",
    "ptypes/any",
    "ptypes/duration",
    "ptypes/timestamp",
  ]
  pruneopts = "UT"
  revision = "b4deda0973fb4c70b50d226b1af49f3da59f5265"
  version = "v1.1.0"

[[projects]]
  branch = "master"
  digest = "1:0bfbe13936953a98ae3cfe8ed6670d396ad81edf069a806d2f6515d7bb6950df"
  name = "github.com/google/btree"
  packages = ["."]
  pruneopts = "UT"
  revision = "4030bb1f1f0c35b30ca7009e9ebd06849dd45306"

[[projects]]
  digest = "1:41bfd4219241b7f7d6e6fdb13fc712576f1337e68e6b895136283b76928fdd66"
  name = "github.com/google/gofuzz"
  packages = ["."]
  pruneopts = "UT"
  revision = "44d81051d367757e1c7c6a5a86423ece9afcf63c"

[[projects]]
  digest = "1:582b704bebaa06b48c29b0cec224a6058a09c86883aaddabde889cd1a5f73e1b"
  name = "github.com/google/uuid"
  packages = ["."]
  pruneopts = "UT"
  revision = "0cd6bf5da1e1c83f8b45653022c74f71af0538a4"
  version = "v1.1.1"

[[projects]]
  digest = "1:75eb87381d25cc75212f52358df9c3a2719584eaa9685cd510ce28699122f39d"
  name = "github.com/googleapis/gnostic"
  packages = [
    "OpenAPIv2",
    "compiler",
    "extensions",
  ]
  pruneopts = "UT"
  revision = "0c5108395e2debce0d731cf0287ddf7242066aba"

[[projects]]
  digest = "1:878f0defa9b853f9acfaf4a162ba450a89d0050eff084f9fe7f5bd15948f172a"
  name = "github.com/gregjones/httpcache"
  packages = [
    ".",
    "diskcache",
  ]
  pruneopts = "UT"
  revision = "787624de3eb7bd915c329cba748687a3b22666a6"

[[projects]]
  digest = "1:88e0b0baeb9072f0a4afbcf12dda615fc8be001d1802357538591155998da21b"
  name = "github.com/hashicorp/go-version"
  packages = ["."]
  pruneopts = "UT"
  revision = "ac23dc3fea5d1a983c43f6a0f6e2c13f0195d8bd"
  version = "v1.2.0"

[[projects]]
  digest = "1:3f90d23757c18b1e07bf11494dbe737ee2c44d881c0f41e681611abdadad62fa"
  name = "github.com/hashicorp/golang-lru"
  packages = [
    ".",
    "simplelru",
  ]
  pruneopts = "UT"
  revision = "a0d98a5f288019575c6d1f4bb1573fef2d1fcdc4"

[[projects]]
  digest = "1:f9a5e090336881be43cfc1cf468330c1bdd60abdc9dd194e0b1ab69f4b94dd7c"
  name = "github.com/huandu/xstrings"
  packages = ["."]
  pruneopts = "UT"
  revision = "f02667b379e2fb5916c3cda2cf31e0eb885d79f8"
  version = "v1.2.0"

[[projects]]
  digest = "1:3e260afa138eab6492b531a3b3d10ab4cb70512d423faa78b8949dec76e66a21"
  name = "github.com/imdario/mergo"
  packages = ["."]
  pruneopts = "UT"
  revision = "9316a62528ac99aaecb4e47eadd6dc8aa6533d58"
  version = "v0.3.5"

[[projects]]
  digest = "1:bb3cc4c1b21ea18cfa4e3e47440fc74d316ab25b0cf42927e8c1274917bd9891"
  name = "github.com/json-iterator/go"
  packages = ["."]
  pruneopts = "UT"
  revision = "f2b4162afba35581b6d4a50d3b8f34e33c144682"

[[projects]]
  branch = "master"
  digest = "1:e2d916a745e488e5695c8f1297a5db5f1e047f4c8e39838e7c7ff1dcfcf1c28a"
  name = "github.com/kubernetes-sigs/application"
  packages = [
    "pkg/apis/app/v1beta1",
    "pkg/component",
    "pkg/customresource",
    "pkg/finalizer",
    "pkg/resource",
  ]
  pruneopts = "UT"
  revision = "4ead7f1b87048b7717b3e474a21fdc07e6bce636"

[[projects]]
  digest = "1:33422d238f147d247752996a26574ac48dcf472976eda7f5134015f06bf16563"
  name = "github.com/modern-go/concurrent"
  packages = ["."]
  pruneopts = "UT"
  revision = "bacd9c7ef1dd9b15be4a9909b8ac7a4e313eec94"
  version = "1.0.3"

[[projects]]
  digest = "1:e32bdbdb7c377a07a9a46378290059822efdce5c8d96fe71940d87cb4f918855"
  name = "github.com/modern-go/reflect2"
  packages = ["."]
  pruneopts = "UT"
  revision = "4b7aa43c6742a2c18fdef89dd197aaae7dac7ccd"
  version = "1.0.1"

[[projects]]
  digest = "1:66c50fc6179aae05bfbde10245a724c8a0fcc56c04e8bb38b064a6f8876f09df"
  name = "github.com/operator-framework/operator-lifecycle-manager"
  packages = [
    "pkg/api/apis/operators",
    "pkg/api/apis/operators/v1alpha1",
    "pkg/lib/version",
  ]
  pruneopts = "UT"
  revision = "b8a4faf68e36feb6d99a6aec623b405e587b17b1"
  version = "0.10.1"

[[projects]]
  branch = "master"
  digest = "1:3bf17a6e6eaa6ad24152148a631d18662f7212e21637c2699bff3369b7f00fa2"
  name = "github.com/petar/GoLLRB"
  packages = ["llrb"]
  pruneopts = "UT"
  revision = "53be0d36a84c2a886ca057d34b6aa4468df9ccb4"

[[projects]]
  digest = "1:0e7775ebbcf00d8dd28ac663614af924411c868dca3d5aa762af0fae3808d852"
  name = "github.com/peterbourgon/diskv"
  packages = ["."]
  pruneopts = "UT"
  revision = "5f041e8faa004a95c88a202771f4cc3e991971e6"
  version = "v2.0.1"

[[projects]]
  digest = "1:cf31692c14422fa27c83a05292eb5cbe0fb2775972e8f1f8446a71549bd8980b"
  name = "github.com/pkg/errors"
  packages = ["."]
  pruneopts = "UT"
  revision = "ba968bfe8b2f7e042a574c888954fccecfa385b4"
  version = "v0.8.1"

[[projects]]
  digest = "1:9424f440bba8f7508b69414634aef3b2b3a877e522d8a4624692412805407bb7"
  name = "github.com/spf13/pflag"
  packages = ["."]
  pruneopts = "UT"
  revision = "583c0c0531f06d5278b7d917446061adc344b5cd"
  version = "v1.0.1"

[[projects]]
  digest = "1:dc48dff981a895912c33cf272b1d869c216d058bd4025736cb481d3ceeed6872"
  name = "github.com/tkanos/gonfig"
  packages = ["."]
  pruneopts = "UT"
  revision = "e83209aed2d171bab5ffb312a1e630110481cb99"
  version = "1.0"

[[projects]]
  branch = "master"
  digest = "1:0aca96c85b6ac44dedd56d8e381d5e438d2b1b1884d9dc1c0dee01b1483db6f2"
  name = "github.ibm.com/IBMMulticloudPlatform/channel"
  packages = ["pkg/apis/app/v1alpha1"]
  pruneopts = "UT"
  revision = "fba487df3771b86b53bd8f3c9da367238dc5d3f3"

[[projects]]
  branch = "master"
  digest = "1:d8bf0ee81ffc699750af6096bca18c3a73ead8a126d328bb58c9851e13185a17"
  name = "github.ibm.com/IBMMulticloudPlatform/deployable"
  packages = ["pkg/apis/app/v1alpha1"]
  pruneopts = "UT"
  revision = "7a969898c6ee6e3f7207ea190b8bb08805d75595"

[[projects]]
  branch = "master"
  digest = "1:36e521903c98006b787ca48c02e37d31fe4e671020f5d558f51936b6f66cff20"
  name = "github.ibm.com/IBMMulticloudPlatform/placementrule"
  packages = ["pkg/apis/app/v1alpha1"]
  pruneopts = "UT"
  revision = "372256eedb81d04403440271f264629db0df996b"
  source = "git@github.ibm.com:IBMMulticloudPlatform/placementrule.git"

[[projects]]
  branch = "master"
  digest = "1:2df0f4d4b652eef99c3a6b8e694ac48ca21adea08d4f189f199fe0d7c999957c"
  name = "github.ibm.com/IBMMulticloudPlatform/subscription"
  packages = ["pkg/apis/app/v1alpha1"]
  pruneopts = "UT"
  revision = "ac8eeb15abc8942d83a28791bb7851db19b4a023"

[[projects]]
  branch = "master"
  digest = "1:3cc7d466751f84677b0e66d3241d1c9afcbbf4dd76421c97372e6d3160abb573"
  name = "github.ibm.com/IBMPrivateCloud/hcm-api"
  packages = [
    "pkg/apis/mcm",
    "pkg/apis/mcm/v1alpha1",
  ]
  pruneopts = "UT"
  revision = "3dee203f94fbaf5699d3d88ed3b4c7d1af4af8d3"

[[projects]]
  branch = "master"
  digest = "1:6a7c5ee6039c384ee08cd0f639362c571a409b7f6b49238f63101661740dd219"
  name = "github.ibm.com/IBMPrivateCloud/hcm-compliance"
  packages = [
    "pkg/apis/compliance/v1alpha1",
    "pkg/apis/policy/v1alpha1",
  ]
  pruneopts = "UT"
  revision = "34d2d6ca611bed748dedeb5fd282b1f54ea1e99d"

[[projects]]
  digest = "1:3277d1b261870a5d24781d163a868e804d2e1d96f166de54fefd8622addbb928"
  name = "github.ibm.com/seed/seed-sdk"
  packages = [
    "pkg/registry/clientsets",
    "pkg/registry/config",
    "pkg/registry/informers",
    "pkg/scheme",
  ]
  pruneopts = "UT"
  revision = "d4cb2282bd3a0790e52014eb33928167cc37aeb3"
  source = "git@github.ibm.com:seed/seed-sdk.git"
  version = "v0.6.2"

[[projects]]
  digest = "1:69b3fcb7a41b18436a85471cbdcfc70ad10ba3206f8c87563e1c773610e1bcad"
  name = "golang.org/x/crypto"
  packages = [
    "pbkdf2",
    "scrypt",
    "ssh/terminal",
  ]
  pruneopts = "UT"
  revision = "de0752318171da717af4ce24d0a2e8626afaeb11"

[[projects]]
  digest = "1:eb1363f1b6505a1bbc2fb12df67f9ab63eabff7c8465991e5b2d1c586690ba27"
  name = "golang.org/x/net"
  packages = [
    "context",
    "http2",
    "http2/hpack",
    "idna",
    "internal/timeseries",
    "lex/httplex",
    "trace",
  ]
  pruneopts = "UT"
  revision = "1c05540f6879653db88113bc4a2b70aec4bd491f"

[[projects]]
  digest = "1:9359217acc6040b4be710ce34473acef28023ad39bfafecea34ffaea7f1e1890"
  name = "golang.org/x/oauth2"
  packages = [
    ".",
    "internal",
  ]
  pruneopts = "UT"
  revision = "a6bd8cefa1811bd24b86f8902872e4e8225f74c4"

[[projects]]
  branch = "master"
  digest = "1:1aa109187d52894bd8929a34a0a483ea4e57d7e32e86d81c64cea84c1978d68e"
  name = "golang.org/x/sys"
  packages = [
    "unix",
    "windows",
  ]
  pruneopts = "UT"
  revision = "6c81ef8f67ca3f42fc9cd71dfbd5f35b0c4b5771"

[[projects]]
  digest = "1:a2ab62866c75542dd18d2b069fec854577a20211d7c0ea6ae746072a1dccdd18"
  name = "golang.org/x/text"
  packages = [
    "collate",
    "collate/build",
    "internal/colltab",
    "internal/gen",
    "internal/tag",
    "internal/triegen",
    "internal/ucd",
    "language",
    "secure/bidirule",
    "transform",
    "unicode/bidi",
    "unicode/cldr",
    "unicode/norm",
    "unicode/rangetable",
  ]
  pruneopts = "UT"
  revision = "f21a4dfb5e38f5895301dc265a8def02365cc3d0"
  version = "v0.3.0"

[[projects]]
  digest = "1:d37b0ef2944431fe9e8ef35c6fffc8990d9e2ca300588df94a6890f3649ae365"
  name = "golang.org/x/time"
  packages = ["rate"]
  pruneopts = "UT"
  revision = "f51c12702a4d776e4c1fa9b0fabab841babae631"

[[projects]]
  digest = "1:6f3bd49ddf2e104e52062774d797714371fac1b8bddfd8e124ce78e6b2264a10"
  name = "google.golang.org/appengine"
  packages = [
    "internal",
    "internal/base",
    "internal/datastore",
    "internal/log",
    "internal/remote_api",
    "internal/urlfetch",
    "urlfetch",
  ]
  pruneopts = "UT"
  revision = "e9657d882bb81064595ca3b56cbe2546bbabf7b1"
  version = "v1.4.0"

[[projects]]
  branch = "master"
  digest = "1:c3076e7defee87de1236f1814beb588f40a75544c60121e6eb38b3b3721783e2"
  name = "google.golang.org/genproto"
  packages = ["googleapis/rpc/status"]
  pruneopts = "UT"
  revision = "d831d65fe17df2e52bcc4316d4a9f7a418701f43"

[[projects]]
  digest = "1:a0bdff6a1dd68e7fa6edbffe3bef8e061db79543975d1c53afcae3a8d8a6c445"
  name = "google.golang.org/grpc"
  packages = [
    ".",
    "balancer",
    "balancer/base",
    "balancer/roundrobin",
    "binarylog/grpc_binarylog_v1",
    "codes",
    "connectivity",
    "credentials",
    "credentials/internal",
    "encoding",
    "encoding/proto",
    "grpclog",
    "health/grpc_health_v1",
    "internal",
    "internal/backoff",
    "internal/binarylog",
    "internal/channelz",
    "internal/envconfig",
    "internal/grpcrand",
    "internal/grpcsync",
    "internal/syscall",
    "internal/transport",
    "keepalive",
    "metadata",
    "naming",
    "peer",
    "resolver",
    "resolver/dns",
    "resolver/passthrough",
    "stats",
    "status",
    "tap",
  ]
  pruneopts = "UT"
  revision = "3507fb8e1a5ad030303c106fef3a47c9fdad16ad"
  version = "v1.19.1"

[[projects]]
  digest = "1:ef72505cf098abdd34efeea032103377bec06abb61d8a06f002d5d296a4b1185"
  name = "gopkg.in/inf.v0"
  packages = ["."]
  pruneopts = "UT"
  revision = "3887ee99ecf07df5b447e9b00d9c0b2adaa9f3e4"
  version = "v0.9.0"

[[projects]]
  digest = "1:4d2e5a73dc1500038e504a8d78b986630e3626dc027bc030ba5c75da257cdb96"
  name = "gopkg.in/yaml.v2"
  packages = ["."]
  pruneopts = "UT"
  revision = "51d6538a90f86fe93ac480b35f37b2be17fef232"
  version = "v2.2.2"

[[projects]]
  digest = "1:faf52d216e0d651ee48a5ee8fb43f818a6c36bf4246282a5e30b8985da5581ff"
  name = "k8s.io/api"
  packages = [
    "admissionregistration/v1alpha1",
    "admissionregistration/v1beta1",
    "apps/v1",
    "apps/v1beta1",
    "apps/v1beta2",
    "authentication/v1",
    "authentication/v1beta1",
    "authorization/v1",
    "authorization/v1beta1",
    "autoscaling/v1",
    "autoscaling/v2beta1",
    "autoscaling/v2beta2",
    "batch/v1",
    "batch/v1beta1",
    "batch/v2alpha1",
    "certificates/v1beta1",
    "coordination/v1beta1",
    "core/v1",
    "events/v1beta1",
    "extensions/v1beta1",
    "networking/v1",
    "policy/v1beta1",
    "rbac/v1",
    "rbac/v1alpha1",
    "rbac/v1beta1",
    "scheduling/v1alpha1",
    "scheduling/v1beta1",
    "settings/v1alpha1",
    "storage/v1",
    "storage/v1alpha1",
    "storage/v1beta1",
  ]
  pruneopts = "UT"
  revision = "b503174bad5991eb66f18247f52e41c3258f6348"
  version = "kubernetes-1.12.3"

[[projects]]
  branch = "master"
  digest = "1:5859a579e02f41ee963e9688e54216459bec39b74ebbfacc8e9f04b47db10947"
  name = "k8s.io/apiextensions-apiserver"
  packages = [
    "pkg/apis/apiextensions",
    "pkg/apis/apiextensions/v1beta1",
    "pkg/client/clientset/clientset",
    "pkg/client/clientset/clientset/scheme",
    "pkg/client/clientset/clientset/typed/apiextensions/v1beta1",
    "pkg/client/informers/externalversions",
    "pkg/client/informers/externalversions/apiextensions",
    "pkg/client/informers/externalversions/apiextensions/v1beta1",
    "pkg/client/informers/externalversions/internalinterfaces",
    "pkg/client/listers/apiextensions/v1beta1",
  ]
  pruneopts = "UT"
  revision = "2af94a2a482fcef53a8c24b7817ecb4ecdc450f8"

[[projects]]
  digest = "1:1960485a3d1b234ae30e76813a2cef31bf93ad036d9891a0e9b52e70b136a400"
  name = "k8s.io/apimachinery"
  packages = [
    "pkg/api/errors",
    "pkg/api/meta",
    "pkg/api/resource",
    "pkg/apis/meta/internalversion",
    "pkg/apis/meta/v1",
    "pkg/apis/meta/v1/unstructured",
    "pkg/apis/meta/v1beta1",
    "pkg/conversion",
    "pkg/conversion/queryparams",
    "pkg/fields",
    "pkg/labels",
    "pkg/runtime",
    "pkg/runtime/schema",
    "pkg/runtime/serializer",
    "pkg/runtime/serializer/json",
    "pkg/runtime/serializer/protobuf",
    "pkg/runtime/serializer/recognizer",
    "pkg/runtime/serializer/streaming",
    "pkg/runtime/serializer/versioning",
    "pkg/selection",
    "pkg/types",
    "pkg/util/cache",
    "pkg/util/clock",
    "pkg/util/diff",
    "pkg/util/errors",
    "pkg/util/framer",
    "pkg/util/intstr",
    "pkg/util/json",
    "pkg/util/mergepatch",
    "pkg/util/naming",
    "pkg/util/net",
    "pkg/util/runtime",
    "pkg/util/sets",
    "pkg/util/strategicpatch",
    "pkg/util/validation",
    "pkg/util/validation/field",
    "pkg/util/wait",
    "pkg/util/yaml",
    "pkg/version",
    "pkg/watch",
    "third_party/forked/golang/json",
    "third_party/forked/golang/reflect",
  ]
  pruneopts = "UT"
  revision = "eddba98df674a16931d2d4ba75edc3a389bf633a"
  version = "kubernetes-1.12.3"

[[projects]]
  digest = "1:e33c4cefa7a959066dfba21494826d1c793a0ec1f9d34af79e38ce2a773cfcf4"
  name = "k8s.io/client-go"
  packages = [
    "discovery",
    "dynamic",
    "dynamic/dynamicinformer",
    "dynamic/dynamiclister",
    "informers",
    "informers/admissionregistration",
    "informers/admissionregistration/v1alpha1",
    "informers/admissionregistration/v1beta1",
    "informers/apps",
    "informers/apps/v1",
    "informers/apps/v1beta1",
    "informers/apps/v1beta2",
    "informers/autoscaling",
    "informers/autoscaling/v1",
    "informers/autoscaling/v2beta1",
    "informers/autoscaling/v2beta2",
    "informers/batch",
    "informers/batch/v1",
    "informers/batch/v1beta1",
    "informers/batch/v2alpha1",
    "informers/certificates",
    "informers/certificates/v1beta1",
    "informers/coordination",
    "informers/coordination/v1beta1",
    "informers/core",
    "informers/core/v1",
    "informers/events",
    "informers/events/v1beta1",
    "informers/extensions",
    "informers/extensions/v1beta1",
    "informers/internalinterfaces",
    "informers/networking",
    "informers/networking/v1",
    "informers/policy",
    "informers/policy/v1beta1",
    "informers/rbac",
    "informers/rbac/v1",
    "informers/rbac/v1alpha1",
    "informers/rbac/v1beta1",
    "informers/scheduling",
    "informers/scheduling/v1alpha1",
    "informers/scheduling/v1beta1",
    "informers/settings",
    "informers/settings/v1alpha1",
    "informers/storage",
    "informers/storage/v1",
    "informers/storage/v1alpha1",
    "informers/storage/v1beta1",
    "kubernetes",
    "kubernetes/scheme",
    "kubernetes/typed/admissionregistration/v1alpha1",
    "kubernetes/typed/admissionregistration/v1beta1",
    "kubernetes/typed/apps/v1",
    "kubernetes/typed/apps/v1beta1",
    "kubernetes/typed/apps/v1beta2",
    "kubernetes/typed/authentication/v1",
    "kubernetes/typed/authentication/v1beta1",
    "kubernetes/typed/authorization/v1",
    "kubernetes/typed/authorization/v1beta1",
    "kubernetes/typed/autoscaling/v1",
    "kubernetes/typed/autoscaling/v2beta1",
    "kubernetes/typed/autoscaling/v2beta2",
    "kubernetes/typed/batch/v1",
    "kubernetes/typed/batch/v1beta1",
    "kubernetes/typed/batch/v2alpha1",
    "kubernetes/typed/certificates/v1beta1",
    "kubernetes/typed/coordination/v1beta1",
    "kubernetes/typed/core/v1",
    "kubernetes/typed/events/v1beta1",
    "kubernetes/typed/extensions/v1beta1",
    "kubernetes/typed/networking/v1",
    "kubernetes/typed/policy/v1beta1",
    "kubernetes/typed/rbac/v1",
    "kubernetes/typed/rbac/v1alpha1",
    "kubernetes/typed/rbac/v1beta1",
    "kubernetes/typed/scheduling/v1alpha1",
    "kubernetes/typed/scheduling/v1beta1",
    "kubernetes/typed/settings/v1alpha1",
    "kubernetes/typed/storage/v1",
    "kubernetes/typed/storage/v1alpha1",
    "kubernetes/typed/storage/v1beta1",
    "listers/admissionregistration/v1alpha1",
    "listers/admissionregistration/v1beta1",
    "listers/apps/v1",
    "listers/apps/v1beta1",
    "listers/apps/v1beta2",
    "listers/autoscaling/v1",
    "listers/autoscaling/v2beta1",
    "listers/autoscaling/v2beta2",
    "listers/batch/v1",
    "listers/batch/v1beta1",
    "listers/batch/v2alpha1",
    "listers/certificates/v1beta1",
    "listers/coordination/v1beta1",
    "listers/core/v1",
    "listers/events/v1beta1",
    "listers/extensions/v1beta1",
    "listers/networking/v1",
    "listers/policy/v1beta1",
    "listers/rbac/v1",
    "listers/rbac/v1alpha1",
    "listers/rbac/v1beta1",
    "listers/scheduling/v1alpha1",
    "listers/scheduling/v1beta1",
    "listers/settings/v1alpha1",
    "listers/storage/v1",
    "listers/storage/v1alpha1",
    "listers/storage/v1beta1",
    "pkg/apis/clientauthentication",
    "pkg/apis/clientauthentication/v1alpha1",
    "pkg/apis/clientauthentication/v1beta1",
    "pkg/version",
    "plugin/pkg/client/auth/exec",
    "rest",
    "rest/watch",
    "tools/auth",
    "tools/cache",
    "tools/clientcmd",
    "tools/clientcmd/api",
    "tools/clientcmd/api/latest",
    "tools/clientcmd/api/v1",
    "tools/metrics",
    "tools/pager",
    "tools/record",
    "tools/reference",
    "transport",
    "util/buffer",
    "util/cert",
    "util/connrotation",
    "util/flowcontrol",
    "util/homedir",
    "util/integer",
    "util/retry",
  ]
  pruneopts = "UT"
  revision = "5e167e7c1e8a97ce058cc12814418d0fd5b6fd6e"
  version = "kubernetes-1.13.0-alpha.1"

[[projects]]
  branch = "master"
  digest = "1:cd6f223d8c2695080e459c285d6bfc8c8f4fba87159e440db3be901b4f50e6f5"
  name = "k8s.io/cluster-registry"
  packages = ["pkg/apis/clusterregistry/v1alpha1"]
  pruneopts = "UT"
  revision = "eb099a00440591a03ff5e38a2ef943098090721d"

[[projects]]
  digest = "1:9cababca1255a46b3de6966301eb7f5bf29179e5019071fa173c0afa62b1f37e"
  name = "k8s.io/helm"
  packages = [
    "pkg/chartutil",
    "pkg/engine",
    "pkg/helm",
    "pkg/ignore",
    "pkg/manifest",
    "pkg/proto/hapi/chart",
    "pkg/proto/hapi/release",
    "pkg/proto/hapi/services",
    "pkg/proto/hapi/version",
    "pkg/releaseutil",
    "pkg/renderutil",
    "pkg/storage/errors",
    "pkg/sympath",
    "pkg/tlsutil",
    "pkg/urlutil",
    "pkg/version",
  ]
  pruneopts = "UT"
  revision = "618447cbf203d147601b4b9bd7f8c37a5d39fbb4"
  version = "v2.13.1"

[[projects]]
  branch = "master"
  digest = "1:22abb5d4204ab1a0dcc9cda64906a31c43965ff5159e8b9f766c9d2a162dbed5"
  name = "k8s.io/kube-openapi"
  packages = ["pkg/util/proto"]
  pruneopts = "UT"
  revision = "5e22f3d471e6f24ca20becfdffdc6206c7cecac8"

[[projects]]
  digest = "1:84a8609383bec11b71d52dd813f33f1d16614b91966940bdc2aa79bea864fa25"
  name = "sigs.k8s.io/controller-runtime"
  packages = ["pkg/runtime/scheme"]
  pruneopts = "UT"
  revision = "f6f0bc9611363b43664d08fb097ab13243ef621d"
  version = "v0.1.9"

[solve-meta]
  analyzer-name = "dep"
  analyzer-version = 1
  input-imports = [
    "github.com/golang/glog",
    "github.com/golang/groupcache/lru",
    "github.com/golang/protobuf/ptypes",
    "github.com/hashicorp/go-version",
    "github.com/kubernetes-sigs/application/pkg/apis/app/v1beta1",
    "github.com/tkanos/gonfig",
    "github.ibm.com/IBMMulticloudPlatform/channel/pkg/apis/app/v1alpha1",
    "github.ibm.com/IBMMulticloudPlatform/deployable/pkg/apis/app/v1alpha1",
    "github.ibm.com/IBMMulticloudPlatform/subscription/pkg/apis/app/v1alpha1",
    "github.ibm.com/IBMPrivateCloud/hcm-api/pkg/apis/mcm/v1alpha1",
    "github.ibm.com/IBMPrivateCloud/hcm-compliance/pkg/apis/compliance/v1alpha1",
    "github.ibm.com/IBMPrivateCloud/hcm-compliance/pkg/apis/policy/v1alpha1",
    "k8s.io/api/apps/v1",
    "k8s.io/api/batch/v1",
    "k8s.io/api/batch/v1beta1",
    "k8s.io/api/core/v1",
    "k8s.io/apimachinery/pkg/apis/meta/v1",
    "k8s.io/apimachinery/pkg/apis/meta/v1/unstructured",
    "k8s.io/apimachinery/pkg/runtime/schema",
    "k8s.io/apimachinery/pkg/types",
    "k8s.io/client-go/discovery",
    "k8s.io/client-go/dynamic",
    "k8s.io/client-go/dynamic/dynamicinformer",
    "k8s.io/client-go/rest",
    "k8s.io/client-go/tools/cache",
    "k8s.io/client-go/tools/clientcmd",
    "k8s.io/helm/pkg/helm",
    "k8s.io/helm/pkg/proto/hapi/release",
    "k8s.io/helm/pkg/tlsutil",
  ]
  solver-name = "gps-cdcl"
  solver-version = 1
